
Microsoft Visual Studio Solution File, Format Version 12.00
# Visual Studio 14
VisualStudioVersion = 14.0.25123.0
MinimumVisualStudioVersion = 10.0.40219.1
Project("{FAE04EC0-301F-11D3-BF4B-00C04F79EFBC}") = "ZuoRiWeiLai.Framework", "ZuoRiWeiLai.Framework.csproj", "{8D189A01-7FFF-41B7-A379-6EB872940067}"
EndProject
Project("{FAE04EC0-301F-11D3-BF4B-00C04F79EFBC}") = "ZuoRiWeiLai.Framework.Test", "..\ZuoRiWeiLai.Framework.Test\ZuoRiWeiLai.Framework.Test.csproj", "{287A12F0-D9CD-47A8-A71F-7F12F4DE64DB}"
EndProject
Global
	GlobalSection(SolutionConfigurationPlatforms) = preSolution
		Debug|Any CPU = Debug|Any CPU
		Release|Any CPU = Release|Any CPU
	EndGlobalSection
	GlobalSection(ProjectConfigurationPlatforms) = postSolution
		{8D189A01-7FFF-41B7-A379-6EB872940067}.Debug|Any CPU.ActiveCfg = Debug|Any CPU
		{8D189A01-7FFF-41B7-A379-6EB872940067}.Debug|Any CPU.Build.0 = Debug|Any CPU
		{8D189A01-7FFF-41B7-A379-6EB872940067}.Release|Any CPU.ActiveCfg = Release|Any CPU
		{8D189A01-7FFF-41B7-A379-6EB872940067}.Release|Any CPU.Build.0 = Release|Any CPU
		{287A12F0-D9CD-47A8-A71F-7F12F4DE64DB}.Debug|Any CPU.ActiveCfg = Debug|Any CPU
		{287A12F0-D9CD-47A8-A71F-7F12F4DE64DB}.Debug|Any CPU.Build.0 = Debug|Any CPU
		{287A12F0-D9CD-47A8-A71F-7F12F4DE64DB}.Release|Any CPU.ActiveCfg = Release|Any CPU
		{287A12F0-D9CD-47A8-A71F-7F12F4DE64DB}.Release|Any CPU.Build.0 = Release|Any CPU
	EndGlobalSection
	GlobalSection(SolutionProperties) = preSolution
		HideSolutionNode = FALSE
	EndGlobalSection
EndGlobal
